
Microsoft Visual Studio Solution File, Format Version 12.00
# Visual Studio Version 17
VisualStudioVersion = 17.11.35327.3
MinimumVisualStudioVersion = 10.0.40219.1
Project("{FAE04EC0-301F-11D3-BF4B-00C04F79EFBC}") = "Perpetuum.Server", "Perpetuum.Server\Perpetuum.Server.csproj", "{419DC5EA-0F2F-4CF2-9DFD-B52583B0892D}"
EndProject
Project("{FAE04EC0-301F-11D3-BF4B-00C04F79EFBC}") = "Perpetuum.ExportedTypes", "Perpetuum.ExportedTypes\Perpetuum.ExportedTypes.csproj", "{7142E579-676A-4D49-9F64-D74ECE59120D}"
EndProject
Project("{FAE04EC0-301F-11D3-BF4B-00C04F79EFBC}") = "Perpetuum", "Perpetuum\Perpetuum.csproj", "{F65E49B0-1EF5-4827-955A-56A1EF430E3C}"
EndProject
Project("{FAE04EC0-301F-11D3-BF4B-00C04F79EFBC}") = "Perpetuum.RequestHandlers", "Perpetuum.RequestHandlers\Perpetuum.RequestHandlers.csproj", "{CF638C1D-CC13-40FE-8F7F-335E18B754A7}"
EndProject
Project("{FAE04EC0-301F-11D3-BF4B-00C04F79EFBC}") = "Perpetuum.Bootstrapper", "Perpetuum.Bootstrapper\Perpetuum.Bootstrapper.csproj", "{8D702A6A-603F-4F75-BCDA-E4EAE8E00373}"
EndProject
Global
	GlobalSection(SolutionConfigurationPlatforms) = preSolution
		Debug|x64 = Debug|x64
		Release|x64 = Release|x64
	EndGlobalSection
	GlobalSection(ProjectConfigurationPlatforms) = postSolution
		{419DC5EA-0F2F-4CF2-9DFD-B52583B0892D}.Debug|x64.ActiveCfg = Debug|x64
		{419DC5EA-0F2F-4CF2-9DFD-B52583B0892D}.Debug|x64.Build.0 = Debug|x64
		{419DC5EA-0F2F-4CF2-9DFD-B52583B0892D}.Release|x64.ActiveCfg = Release|x64
		{419DC5EA-0F2F-4CF2-9DFD-B52583B0892D}.Release|x64.Build.0 = Release|x64
		{7142E579-676A-4D49-9F64-D74ECE59120D}.Debug|x64.ActiveCfg = Debug|x64
		{7142E579-676A-4D49-9F64-D74ECE59120D}.Debug|x64.Build.0 = Debug|x64
		{7142E579-676A-4D49-9F64-D74ECE59120D}.Release|x64.ActiveCfg = Release|x64
		{7142E579-676A-4D49-9F64-D74ECE59120D}.Release|x64.Build.0 = Release|x64
		{F65E49B0-1EF5-4827-955A-56A1EF430E3C}.Debug|x64.ActiveCfg = Debug|x64
		{F65E49B0-1EF5-4827-955A-56A1EF430E3C}.Debug|x64.Build.0 = Debug|x64
		{F65E49B0-1EF5-4827-955A-56A1EF430E3C}.Release|x64.ActiveCfg = Release|x64
		{F65E49B0-1EF5-4827-955A-56A1EF430E3C}.Release|x64.Build.0 = Release|x64
		{CF638C1D-CC13-40FE-8F7F-335E18B754A7}.Debug|x64.ActiveCfg = Debug|x64
		{CF638C1D-CC13-40FE-8F7F-335E18B754A7}.Debug|x64.Build.0 = Debug|x64
		{CF638C1D-CC13-40FE-8F7F-335E18B754A7}.Release|x64.ActiveCfg = Release|x64
		{CF638C1D-CC13-40FE-8F7F-335E18B754A7}.Release|x64.Build.0 = Release|x64
		{8D702A6A-603F-4F75-BCDA-E4EAE8E00373}.Debug|x64.ActiveCfg = Debug|x64
		{8D702A6A-603F-4F75-BCDA-E4EAE8E00373}.Debug|x64.Build.0 = Debug|x64
		{8D702A6A-603F-4F75-BCDA-E4EAE8E00373}.Release|x64.ActiveCfg = Release|x64
		{8D702A6A-603F-4F75-BCDA-E4EAE8E00373}.Release|x64.Build.0 = Release|x64
	EndGlobalSection
	GlobalSection(SolutionProperties) = preSolution
		HideSolutionNode = FALSE
	EndGlobalSection
	GlobalSection(ExtensibilityGlobals) = postSolution
		SolutionGuid = {65BB0927-9BD8-4207-B54F-E9F8364AB824}
	EndGlobalSection
EndGlobal
